hash: f60b681b41639c8b18e4c5e3af28f1b291be04ea7985a613b3b88d8993975676
updated: 2017-07-19T21:07:32.885667438Z
imports:
- name: github.com/dgrijalva/jwt-go
  version: a539ee1a749a2b895533f979515ac7e6e0f5b650
- name: github.com/gorilla/websocket
  version: ea4d1f681babbce9545c9c5f3d5194a789c89f5b
- name: github.com/labstack/echo
  version: 935a60782cbbc55110e7bd4b33120e4567cbee43
  subpackages:
  - middleware
- name: github.com/labstack/gommon
  version: 779b8a8b9850a97acba6a3fe20feb628c39e17c1
  subpackages:
  - bytes
  - color
  - log
  - random
- name: github.com/mattn/go-colorable
  version: 3fa8c76f9daed4067e4a806fb7e4dc86455c6d6a
- name: github.com/mattn/go-isatty
  version: fc9e8d8ef48496124e79ae0df75490096eccf6fe
- name: github.com/newrelic/go-agent
  version: 29ec3cd1bb2f21d21d36da37dae52695cb2c3a17
  subpackages:
  - internal
  - internal/jsonx
  - internal/logger
  - internal/sysinfo
  - internal/utilization
- name: github.com/olebedev/emitter
  version: 9110dbae3d07cb26c2993dbf3bdbd0aad98329f9
- name: github.com/valyala/bytebufferpool
  version: e746df99fe4a3986f4d4f79e13c1e0117ce9c2f7
- name: github.com/valyala/fasttemplate
  version: dcecefd839c4193db0d35b88ec65b4c12d360ab0
- name: golang.org/x/crypto
  version: 4bc1c249b153ce1da9f55437759cec51fe6acabb
  subpackages:
  - acme
  - acme/autocert
- name: golang.org/x/net
  version: 02ac38e2528ff4adea90f184d71a3faa04b4b1b0
  subpackages:
  - http2
  - http2/hpack
  - idna
  - lex/httplex
- name: golang.org/x/sys
  version: 7a4fde3fda8ef580a89dbae8138c26041be14299
  subpackages:
  - unix
- name: golang.org/x/text
  version: 836efe42bb4aa16aaa17b9c155d8813d336ed720
  subpackages:
  - secure/bidirule
  - transform
  - unicode/bidi
  - unicode/norm
- name: gopkg.in/matryer/try.v1
  version: 312d2599e12e89ca89b52a09597394f449235d80
testImports: []
